
Microsoft Visual Studio Solution File, Format Version 12.00
# Visual Studio Version 16
VisualStudioVersion = 16.0.31702.278
MinimumVisualStudioVersion = 10.0.40219.1
Project("{FAE04EC0-301F-11D3-BF4B-00C04F79EFBC}") = "KK_TimelineVMDSync", "TimelineVMDSync\KK_TimelineVMDSync.csproj", "{4702A275-9631-45DA-95F0-11640A7E5E1E}"
EndProject
Project("{FAE04EC0-301F-11D3-BF4B-00C04F79EFBC}") = "KKS_TimelineVMDSync", "KKS_TimelineVMDSync\KKS_TimelineVMDSync.csproj", "{DACC9F5E-A4E5-4BD1-A6F1-A2E62EE28D5C}"
EndProject
Global
	GlobalSection(SolutionConfigurationPlatforms) = preSolution
		Debug|Any CPU = Debug|Any CPU
		Release|Any CPU = Release|Any CPU
	EndGlobalSection
	GlobalSection(ProjectConfigurationPlatforms) = postSolution
		{4702A275-9631-45DA-95F0-11640A7E5E1E}.Debug|Any CPU.ActiveCfg = Debug|Any CPU
		{4702A275-9631-45DA-95F0-11640A7E5E1E}.Debug|Any CPU.Build.0 = Debug|Any CPU
		{4702A275-9631-45DA-95F0-11640A7E5E1E}.Release|Any CPU.ActiveCfg = Release|Any CPU
		{4702A275-9631-45DA-95F0-11640A7E5E1E}.Release|Any CPU.Build.0 = Release|Any CPU
		{DACC9F5E-A4E5-4BD1-A6F1-A2E62EE28D5C}.Debug|Any CPU.ActiveCfg = Debug|Any CPU
		{DACC9F5E-A4E5-4BD1-A6F1-A2E62EE28D5C}.Debug|Any CPU.Build.0 = Debug|Any CPU
		{DACC9F5E-A4E5-4BD1-A6F1-A2E62EE28D5C}.Release|Any CPU.ActiveCfg = Release|Any CPU
		{DACC9F5E-A4E5-4BD1-A6F1-A2E62EE28D5C}.Release|Any CPU.Build.0 = Release|Any CPU
	EndGlobalSection
	GlobalSection(SolutionProperties) = preSolution
		HideSolutionNode = FALSE
	EndGlobalSection
	GlobalSection(ExtensibilityGlobals) = postSolution
		SolutionGuid = {35D8C949-2367-44D5-AE8B-E157B76C9A70}
	EndGlobalSection
EndGlobal
